
Microsoft Visual Studio Solution File, Format Version 12.00
# Visual Studio Version 17
VisualStudioVersion = 17.7.34009.444
MinimumVisualStudioVersion = 10.0.40219.1
Project("{9A19103F-16F7-4668-BE54-9A1E7A4F7556}") = "0-schoolNegin", "0-schoolNegin.csproj", "{071E6E00-BEB1-4F2C-A017-21E2AE8A58B9}"
EndProject
Project("{9A19103F-16F7-4668-BE54-9A1E7A4F7556}") = "1-informationschooljson", "..\informationschooljson\1-informationschooljson.csproj", "{AC77A755-C735-4258-995B-09E25413B961}"
EndProject
Global
	GlobalSection(SolutionConfigurationPlatforms) = preSolution
		Debug|Any CPU = Debug|Any CPU
		Release|Any CPU = Release|Any CPU
	EndGlobalSection
	GlobalSection(ProjectConfigurationPlatforms) = postSolution
		{071E6E00-BEB1-4F2C-A017-21E2AE8A58B9}.Debug|Any CPU.ActiveCfg = Debug|Any CPU
		{071E6E00-BEB1-4F2C-A017-21E2AE8A58B9}.Debug|Any CPU.Build.0 = Debug|Any CPU
		{071E6E00-BEB1-4F2C-A017-21E2AE8A58B9}.Release|Any CPU.ActiveCfg = Release|Any CPU
		{071E6E00-BEB1-4F2C-A017-21E2AE8A58B9}.Release|Any CPU.Build.0 = Release|Any CPU
		{AC77A755-C735-4258-995B-09E25413B961}.Debug|Any CPU.ActiveCfg = Debug|Any CPU
		{AC77A755-C735-4258-995B-09E25413B961}.Debug|Any CPU.Build.0 = Debug|Any CPU
		{AC77A755-C735-4258-995B-09E25413B961}.Release|Any CPU.ActiveCfg = Release|Any CPU
		{AC77A755-C735-4258-995B-09E25413B961}.Release|Any CPU.Build.0 = Release|Any CPU
	EndGlobalSection
	GlobalSection(SolutionProperties) = preSolution
		HideSolutionNode = FALSE
	EndGlobalSection
	GlobalSection(ExtensibilityGlobals) = postSolution
		SolutionGuid = {2FBFE5E8-D8CE-434D-B868-4499FF4F9940}
	EndGlobalSection
EndGlobal
